// !$*UTF8*$!
{
	archiveVersion = 1;
	classes = {
	};
	objectVersion = 46;
	objects = {

/* Begin PBXBuildFile section */
		FCBBE04F1CC6EF1500D260EF /* AppDelegate.swift in Sources */ = {isa = PBXBuildFile; fileRef = FCBBE04E1CC6EF1500D260EF /* AppDelegate.swift */; };
		FCBBE0511CC6EF1500D260EF /* ViewController.swift in Sources */ = {isa = PBXBuildFile; fileRef = FCBBE0501CC6EF1500D260EF /* ViewController.swift */; };
		FCBBE0541CC6EF1500D260EF /* Main.storyboard in Resources */ = {isa = PBXBuildFile; fileRef = FCBBE0521CC6EF1500D260EF /* Main.storyboard */; };
		FCBBE0561CC6EF1500D260EF /* Assets.xcassets in Resources */ = {isa = PBXBuildFile; fileRef = FCBBE0551CC6EF1500D260EF /* Assets.xcassets */; };
		FCBBE0591CC6EF1500D260EF /* LaunchScreen.storyboard in Resources */ = {isa = PBXBuildFile; fileRef = FCBBE0571CC6EF1500D260EF /* LaunchScreen.storyboard */; };
		FCBBE0621CC6EF2700D260EF /* ButtonManager.swift in Sources */ = {isa = PBXBuildFile; fileRef = FCBBE0611CC6EF2700D260EF /* ButtonManager.swift */; };
/* End PBXBuildFile section */

/* Begin PBXFileReference section */
		FCBBE04B1CC6EF1500D260EF /* ButtonManager.app */ = {isa = PBXFileReference; explicitFileType = wrapper.application; includeInIndex = 0; path = ButtonManager.app; sourceTree = BUILT_PRODUCTS_DIR; };
		FCBBE04E1CC6EF1500D260EF /* AppDelegate.swift */ = {isa = PBXFileReference; lastKnownFileType = sourcecode.swift; path = AppDelegate.swift; sourceTree = "<group>"; };
		FCBBE0501CC6EF1500D260EF /* ViewController.swift */ = {isa = PBXFileReference; lastKnownFileType = sourcecode.swift; path = ViewController.swift; sourceTree = "<group>"; };
		FCBBE0531CC6EF1500D260EF /* Base */ = {isa = PBXFileReference; lastKnownFileType = file.storyboard; name = Base; path = Base.lproj/Main.storyboard; sourceTree = "<group>"; };
		FCBBE0551CC6EF1500D260EF /* Assets.xcassets */ = {isa = PBXFileReference; lastKnownFileType = folder.assetcatalog; path = Assets.xcassets; sourceTree = "<group>"; };
		FCBBE0581CC6EF1500D260EF /* Base */ = {isa = PBXFileReference; lastKnownFileType = file.storyboard; name = Base; path = Base.lproj/LaunchScreen.storyboard; sourceTree = "<group>"; };
		FCBBE05A1CC6EF1500D260EF /* Info.plist */ = {isa = PBXFileReference; lastKnownFileType = text.plist.xml; path = Info.plist; sourceTree = "<group>"; };
		FCBBE0611CC6EF2700D260EF /* ButtonManager.swift */ = {isa = PBXFileReference; fileEncoding = 4; lastKnownFileType = sourcecode.swift; path = ButtonManager.swift; sourceTree = "<group>"; };
/* End PBXFileReference section */

/* Begin PBXFrameworksBuildPhase section */
		FCBBE0481CC6EF1500D260EF /* Frameworks */ = {
			isa = PBXFrameworksBuildPhase;
			buildActionMask = 2147483647;
			files = (
			);
			runOnlyForDeploymentPostprocessing = 0;
		};
/* End PBXFrameworksBuildPhase section */

/* Begin PBXGroup section */
		FCBBE0421CC6EF1500D260EF = {
			isa = PBXGroup;
			children = (
				FCBBE04D1CC6EF1500D260EF /* ButtonManager */,
				FCBBE04C1CC6EF1500D260EF /* Products */,
			);
			sourceTree = "<group>";
		};
		FCBBE04C1CC6EF1500D260EF /* Products */ = {
			isa = PBXGroup;
			children = (
				FCBBE04B1CC6EF1500D260EF /* ButtonManager.app */,
			);
			name = Products;
			sourceTree = "<group>";
		};
		FCBBE04D1CC6EF1500D260EF /* ButtonManager */ = {
			isa = PBXGroup;
			children = (
				FCBBE0601CC6EF2700D260EF /* ButtonManager */,
				FCBBE04E1CC6EF1500D260EF /* AppDelegate.swift */,
				FCBBE0501CC6EF1500D260EF /* ViewController.swift */,
				FCBBE0521CC6EF1500D260EF /* Main.storyboard */,
				FCBBE0551CC6EF1500D260EF /* Assets.xcassets */,
				FCBBE0571CC6EF1500D260EF /* LaunchScreen.storyboard */,
				FCBBE05A1CC6EF1500D260EF /* Info.plist */,
			);
			path = ButtonManager;
			sourceTree = "<group>";
		};
		FCBBE0601CC6EF2700D260EF /* ButtonManager */ = {
			isa = PBXGroup;
			children = (
				FCBBE0611CC6EF2700D260EF /* ButtonManager.swift */,
			);
			path = ButtonManager;
			sourceTree = "<group>";
		};
/* End PBXGroup section */

/* Begin PBXNativeTarget section */
		FCBBE04A1CC6EF1500D260EF /* ButtonManager */ = {
			isa = PBXNativeTarget;
			buildConfigurationList = FCBBE05D1CC6EF1500D260EF /* Build configuration list for PBXNativeTarget "ButtonManager" */;
			buildPhases = (
				FCBBE0471CC6EF1500D260EF /* Sources */,
				FCBBE0481CC6EF1500D260EF /* Frameworks */,
				FCBBE0491CC6EF1500D260EF /* Resources */,
			);
			buildRules = (
			);
			dependencies = (
			);
			name = ButtonManager;
			productName = ButtonManager;
			productReference = FCBBE04B1CC6EF1500D260EF /* ButtonManager.app */;
			productType = "com.apple.product-type.application";
		};
/* End PBXNativeTarget section */

/* Begin PBXProject section */
		FCBBE0431CC6EF1500D260EF /* Project object */ = {
			isa = PBXProject;
			attributes = {
				LastSwiftUpdateCheck = 0730;
				LastUpgradeCheck = 0730;
				ORGANIZATIONNAME = "Julio Fernandes";
				TargetAttributes = {
					FCBBE04A1CC6EF1500D260EF = {
						CreatedOnToolsVersion = 7.3;
					};
				};
			};
			buildConfigurationList = FCBBE0461CC6EF1500D260EF /* Build configuration list for PBXProject "ButtonManager" */;
			compatibilityVersion = "Xcode 3.2";
			developmentRegion = English;
			hasScannedForEncodings = 0;
			knownRegions = (
				en,
				Base,
			);
			mainGroup = FCBBE0421CC6EF1500D260EF;
			productRefGroup = FCBBE04C1CC6EF1500D260EF /* Products */;
			projectDirPath = "";
			projectRoot = "";
			targets = (
				FCBBE04A1CC6EF1500D260EF /* ButtonManager */,
			);
		};
/* End PBXProject section */

/* Begin PBXResourcesBuildPhase section */
		FCBBE0491CC6EF1500D260EF /* Resources */ = {
			isa = PBXResourcesBuildPhase;
			buildActionMask = 2147483647;
			files = (
				FCBBE0591CC6EF1500D260EF /* LaunchScreen.storyboard in Resources */,
				FCBBE0561CC6EF1500D260EF /* Assets.xcassets in Resources */,
				FCBBE0541CC6EF1500D260EF /* Main.storyboard in Resources */,
			);
			runOnlyForDeploymentPostprocessing = 0;
		};
/* End PBXResourcesBuildPhase section */

/* Begin PBXSourcesBuildPhase section */
		FCBBE0471CC6EF1500D260EF /* Sources */ = {
			isa = PBXSourcesBuildPhase;
			buildActionMask = 2147483647;
			files = (
				FCBBE0511CC6EF1500D260EF /* ViewController.swift in Sources */,
				FCBBE04F1CC6EF1500D260EF /* AppDelegate.swift in Sources */,
				FCBBE0621CC6EF2700D260EF /* ButtonManager.swift in Sources */,
			);
			runOnlyForDeploymentPostprocessing = 0;
		};
/* End PBXSourcesBuildPhase section */

/* Begin PBXVariantGroup section */
		FCBBE0521CC6EF1500D260EF /* Main.storyboard */ = {
			isa = PBXVariantGroup;
			children = (
				FCBBE0531CC6EF1500D260EF /* Base */,
			);
			name = Main.storyboard;
			sourceTree = "<group>";
		};
		FCBBE0571CC6EF1500D260EF /* LaunchScreen.storyboard */ = {
			isa = PBXVariantGroup;
			children = (
				FCBBE0581CC6EF1500D260EF /* Base */,
			);
			name = LaunchScreen.storyboard;
			sourceTree = "<group>";
		};
/* End PBXVariantGroup section */

/* Begin XCBuildConfiguration section */
		FCBBE05B1CC6EF1500D260EF /* Debug */ = {
			isa = XCBuildConfiguration;
			buildSettings = {
				ALWAYS_SEARCH_USER_PATHS = NO;
				CLANG_ANALYZER_NONNULL = YES;
				CLANG_CXX_LANGUAGE_STANDARD = "gnu++0x";
				CLANG_CXX_LIBRARY = "libc++";
				CLANG_ENABLE_MODULES = YES;
				CLANG_ENABLE_OBJC_ARC = YES;
				CLANG_WARN_BOOL_CONVERSION = YES;
				CLANG_WARN_CONSTANT_CONVERSION = YES;
				CLANG_WARN_DIRECT_OBJC_ISA_USAGE = YES_ERROR;
				CLANG_WARN_EMPTY_BODY = YES;
				CLANG_WARN_ENUM_CONVERSION = YES;
				CLANG_WARN_INT_CONVERSION = YES;
				CLANG_WARN_OBJC_ROOT_CLASS = YES_ERROR;
				CLANG_WARN_UNREACHABLE_CODE = YES;
				CLANG_WARN__DUPLICATE_METHOD_MATCH = YES;
				"CODE_SIGN_IDENTITY[sdk=iphoneos*]" = "iPhone Developer";
				COPY_PHASE_STRIP = NO;
				DEBUG_INFORMATION_FORMAT = dwarf;
				ENABLE_STRICT_OBJC_MSGSEND = YES;
				ENABLE_TESTABILITY = YES;
				GCC_C_LANGUAGE_STANDARD = gnu99;
				GCC_DYNAMIC_NO_PIC = NO;
				GCC_NO_COMMON_BLOCKS = YES;
				GCC_OPTIMIZATION_LEVEL = 0;
				GCC_PREPROCESSOR_DEFINITIONS = (
					"DEBUG=1",
					"$(inherited)",
				);
				GCC_WARN_64_TO_32_BIT_CONVERSION = YES;
				GCC_WARN_ABOUT_RETURN_TYPE = YES_ERROR;
				GCC_WARN_UNDECLARED_SELECTOR = YES;
				GCC_WARN_UNINITIALIZED_AUTOS = YES_AGGRESSIVE;
				GCC_WARN_UNUSED_FUNCTION = YES;
				GCC_WARN_UNUSED_VARIABLE = YES;
				IPHONEOS_DEPLOYMENT_TARGET = 9.3;
				MTL_ENABLE_DEBUG_INFO = YES;
				ONLY_ACTIVE_ARCH = YES;
				SDKROOT = iphoneos;
				SWIFT_OPTIMIZATION_LEVEL = "-Onone";
				TARGETED_DEVICE_FAMILY = "1,2";
			};
			name = Debug;
		};
		FCBBE05C1CC6EF1500D260EF /* Release */ = {
			isa = XCBuildConfiguration;
			buildSettings = {
				ALWAYS_SEARCH_USER_PATHS = NO;
				CLANG_ANALYZER_NONNULL = YES;
				CLANG_CXX_LANGUAGE_STANDARD = "gnu++0x";
				CLANG_CXX_LIBRARY = "libc++";
				CLANG_ENABLE_MODULES = YES;
				CLANG_ENABLE_OBJC_ARC = YES;
				CLANG_WARN_BOOL_CONVERSION = YES;
				CLANG_WARN_CONSTANT_CONVERSION = YES;
				CLANG_WARN_DIRECT_OBJC_ISA_USAGE = YES_ERROR;
				CLANG_WARN_EMPTY_BODY = YES;
				CLANG_WARN_ENUM_CONVERSION = YES;
				CLANG_WARN_INT_CONVERSION = YES;
				CLANG_WARN_OBJC_ROOT_CLASS = YES_ERROR;
				CLANG_WARN_UNREACHABLE_CODE = YES;
				CLANG_WARN__DUPLICATE_METHOD_MATCH = YES;
				"CODE_SIGN_IDENTITY[sdk=iphoneos*]" = "iPhone Developer";
				COPY_PHASE_STRIP = NO;
				DEBUG_INFORMATION_FORMAT = "dwarf-with-dsym";
				ENABLE_NS_ASSERTIONS = NO;
				ENABLE_STRICT_OBJC_MSGSEND = YES;
				GCC_C_LANGUAGE_STANDARD = gnu99;
				GCC_NO_COMMON_BLOCKS = YES;
				GCC_WARN_64_TO_32_BIT_CONVERSION = YES;
				GCC_WARN_ABOUT_RETURN_TYPE = YES_ERROR;
				GCC_WARN_UNDECLARED_SELECTOR = YES;
				GCC_WARN_UNINITIALIZED_AUTOS = YES_AGGRESSIVE;
				GCC_WARN_UNUSED_FUNCTION = YES;
				GCC_WARN_UNUSED_VARIABLE = YES;
				IPHONEOS_DEPLOYMENT_TARGET = 9.3;
				MTL_ENABLE_DEBUG_INFO = NO;
				SDKROOT = iphoneos;
				TARGETED_DEVICE_FAMILY = "1,2";
				VALIDATE_PRODUCT = YES;
			};
			name = Release;
		};
		FCBBE05E1CC6EF1500D260EF /* Debug */ = {
			isa = XCBuildConfiguration;
			buildSettings = {
				ASSETCATALOG_COMPILER_APPICON_NAME = AppIcon;
				INFOPLIST_FILE = ButtonManager/Info.plist;
				LD_RUNPATH_SEARCH_PATHS = "$(inherited) @executable_path/Frameworks";
				PRODUCT_BUNDLE_IDENTIFIER = br.com.jjfernandes87.ButtonManager;
				PRODUCT_NAME = "$(TARGET_NAME)";
			};
			name = Debug;
		};
		FCBBE05F1CC6EF1500D260EF /* Release */ = {
			isa = XCBuildConfiguration;
			buildSettings = {
				ASSETCATALOG_COMPILER_APPICON_NAME = AppIcon;
				INFOPLIST_FILE = ButtonManager/Info.plist;
				LD_RUNPATH_SEARCH_PATHS = "$(inherited) @executable_path/Frameworks";
				PRODUCT_BUNDLE_IDENTIFIER = br.com.jjfernandes87.ButtonManager;
				PRODUCT_NAME = "$(TARGET_NAME)";
			};
			name = Release;
		};
/* End XCBuildConfiguration section */

/* Begin XCConfigurationList section */
		FCBBE0461CC6EF1500D260EF /* Build configuration list for PBXProject "ButtonManager" */ = {
			isa = XCConfigurationList;
			buildConfigurations = (
				FCBBE05B1CC6EF1500D260EF /* Debug */,
				FCBBE05C1CC6EF1500D260EF /* Release */,
			);
			defaultConfigurationIsVisible = 0;
			defaultConfigurationName = Release;
		};
		FCBBE05D1CC6EF1500D260EF /* Build configuration list for PBXNativeTarget "ButtonManager" */ = {
			isa = XCConfigurationList;
			buildConfigurations = (
				FCBBE05E1CC6EF1500D260EF /* Debug */,
				FCBBE05F1CC6EF1500D260EF /* Release */,
			);
			defaultConfigurationIsVisible = 0;
		};
/* End XCConfigurationList section */
	};
	rootObject = FCBBE0431CC6EF1500D260EF /* Project object */;
}
